Microsoft Visual Studio Solution File, Format Version 12.00
# Visual Studio 15
VisualStudioVersion = 15.0.26020.0
MinimumVisualStudioVersion = 10.0.40219.1
Project("{FAE04EC0-301F-11D3-BF4B-00C04F79EFBC}") = "Metalogix.MLLicensing", "Metalogix.MLLicensing.csproj", "{D4C508EF-9614-4C75-87D3-DA6A8CD9A6AE}"
EndProject
Global
	GlobalSection(SolutionConfigurationPlatforms) = preSolution
		Debug|Any CPU = Debug|Any CPU
		Release|Any CPU = Release|Any CPU
	EndGlobalSection
	GlobalSection(ProjectConfigurationPlatforms) = postSolution
		{D4C508EF-9614-4C75-87D3-DA6A8CD9A6AE}.Debug|Any CPU.ActiveCfg = Debug|Any CPU
		{D4C508EF-9614-4C75-87D3-DA6A8CD9A6AE}.Debug|Any CPU.Build.0 = Debug|Any CPU
		{D4C508EF-9614-4C75-87D3-DA6A8CD9A6AE}.Release|Any CPU.ActiveCfg = Release|Any CPU
		{D4C508EF-9614-4C75-87D3-DA6A8CD9A6AE}.Release|Any CPU.Build.0 = Release|Any CPU
	EndGlobalSection
	GlobalSection(SolutionProperties) = preSolution
		HideSolutionNode = FALSE
	EndGlobalSection
EndGlobal
