Microsoft Visual Studio Solution File, Format Version 12.00
# Visual Studio Version 17
VisualStudioVersion = 17.10.35122.118
MinimumVisualStudioVersion = 10.0.40219.1
Project("{FAE04EC0-301F-11D3-BF4B-00C04F79EFBC}") = "Metalogix.Core", "Metalogix.Core\Metalogix.Core.csproj", "{E4130506-97AB-4226-9323-B9DB94629BDC}"
EndProject
Project("{FAE04EC0-301F-11D3-BF4B-00C04F79EFBC}") = "Metalogix.Utilities", "Metalogix.Utilities\Metalogix.Utilities.csproj", "{44BE20ED-A618-469B-A9BF-C28393FA4A74}"
EndProject
Project("{FAE04EC0-301F-11D3-BF4B-00C04F79EFBC}") = "Metalogix.Data", "Metalogix.Data\Metalogix.Data.csproj", "{6D91B83A-FB66-422E-BFFD-224630557A61}"
EndProject
Project("{FAE04EC0-301F-11D3-BF4B-00C04F79EFBC}") = "Metalogix.Licensing", "Metalogix.Licensing\Metalogix.Licensing.csproj", "{4021BED6-DF4D-47A9-8F69-C7FFDF7A7604}"
EndProject
Project("{FAE04EC0-301F-11D3-BF4B-00C04F79EFBC}") = "Metalogix.Connectivity", "Metalogix.Connectivity\Metalogix.Connectivity.csproj", "{004767BA-3564-4224-8B0C-0EC2487B9DD8}"
EndProject
Project("{FAE04EC0-301F-11D3-BF4B-00C04F79EFBC}") = "Metalogix.Telemetry", "Metalogix.Telemetry\Metalogix.Telemetry.csproj", "{08A3E529-0AF3-44AC-8668-230AF48B0FA3}"
EndProject
Project("{FAE04EC0-301F-11D3-BF4B-00C04F79EFBC}") = "Metalogix.MLLicensing", "Metalogix.MLLicensing\Metalogix.MLLicensing.csproj", "{D4C508EF-9614-4C75-87D3-DA6A8CD9A6AE}"
EndProject
Project("{FAE04EC0-301F-11D3-BF4B-00C04F79EFBC}") = "Metalogix.Client", "Metalogix.Client\Metalogix.Client.csproj", "{4BAF70E9-3748-42E7-A6B3-5425DADC0188}"
EndProject
Project("{FAE04EC0-301F-11D3-BF4B-00C04F79EFBC}") = "Metalogix.Explorer", "Metalogix.Explorer\Metalogix.Explorer.csproj", "{6616966D-E4DB-4A44-9645-DD6C35CDF061}"
EndProject
Project("{FAE04EC0-301F-11D3-BF4B-00C04F79EFBC}") = "Metalogix.Azure", "Metalogix.Azure\Metalogix.Azure.csproj", "{5CA97097-8A1B-42C4-B4F3-BF899B6EAC22}"
EndProject
Project("{FAE04EC0-301F-11D3-BF4B-00C04F79EFBC}") = "Metalogix.Azure.Blob.Manager", "Metalogix.Azure.Blob.Manager\Metalogix.Azure.Blob.Manager.csproj", "{02C13C4F-A377-478D-AC97-B6DE1B8B2C6D}"
EndProject
Project("{FAE04EC0-301F-11D3-BF4B-00C04F79EFBC}") = "Metalogix.Azure.ConsoleProcessor", "Metalogix.Azure.ConsoleProcessor\Metalogix.Azure.ConsoleProcessor.csproj", "{1A3BD1BE-F871-4ABA-96AF-4C2343D65278}"
EndProject
Project("{FAE04EC0-301F-11D3-BF4B-00C04F79EFBC}") = "Metalogix.Actions", "Metalogix.Actions\Metalogix.Actions.csproj", "{1DEE0F6A-9402-40E1-AC4B-4904989BA28D}"
EndProject
Project("{FAE04EC0-301F-11D3-BF4B-00C04F79EFBC}") = "Metalogix.Jobs.Reporting", "Metalogix.Jobs.Reporting\Metalogix.Jobs.Reporting.csproj", "{ACF4BAF2-9F16-42F0-B276-D8B4DFAF61D4}"
EndProject
Project("{FAE04EC0-301F-11D3-BF4B-00C04F79EFBC}") = "Metalogix.Jobs.Reporting.Commands", "Metalogix.Jobs.Reporting.Commands\Metalogix.Jobs.Reporting.Commands.csproj", "{3EFED7F3-6A9E-4153-B6CC-ED3143F971DE}"
EndProject
Project("{FAE04EC0-301F-11D3-BF4B-00C04F79EFBC}") = "Metalogix.UI.CommandLine", "Metalogix.UI.CommandLine\Metalogix.UI.CommandLine.csproj", "{265FD2AD-1A1E-42BA-B4F6-81AC0D364DAF}"
EndProject
Project("{FAE04EC0-301F-11D3-BF4B-00C04F79EFBC}") = "Metalogix.Office365", "Metalogix.Office365\Metalogix.Office365.csproj", "{B9437661-F8FE-42E1-A771-63A63B294864}"
EndProject
Project("{FAE04EC0-301F-11D3-BF4B-00C04F79EFBC}") = "Metalogix.System.Commands", "Metalogix.System.Commands\Metalogix.System.Commands.csproj", "{C61221C6-BC82-4E75-A950-5F75F857CC42}"
EndProject
Project("{FAE04EC0-301F-11D3-BF4B-00C04F79EFBC}") = "MetalogixSkins", "MetalogixSkins\MetalogixSkins.csproj", "{BA3E5D1C-2B6A-47D7-9D84-B4E7922A3DF9}"
EndProject
Project("{FAE04EC0-301F-11D3-BF4B-00C04F79EFBC}") = "ExportJobHistoryToExcel", "ExportJobHistoryToExcel\ExportJobHistoryToExcel.csproj", "{64C37375-47A5-4FE3-BF30-1CAA2DC004E6}"
EndProject
Project("{FAE04EC0-301F-11D3-BF4B-00C04F79EFBC}") = "Metalogix.UI.Standard", "Metalogix.UI.Standard\Metalogix.UI.Standard.csproj", "{0CAA4A75-1AAB-4B37-A610-626B45E150F8}"
EndProject
Project("{FAE04EC0-301F-11D3-BF4B-00C04F79EFBC}") = "Metalogix.System.Commands.UI.WinForms", "Metalogix.System.Commands.UI.WinForms\Metalogix.System.Commands.UI.WinForms.csproj", "{A32333D8-2A30-4939-8A05-360808FE2395}"
EndProject
Project("{FAE04EC0-301F-11D3-BF4B-00C04F79EFBC}") = "Metalogix.SharePoint.Common", "Metalogix.SharePoint.Common\Metalogix.SharePoint.Common.csproj", "{181C60BC-BAF2-407A-83C7-89131F5336F4}"
EndProject
Project("{FAE04EC0-301F-11D3-BF4B-00C04F79EFBC}") = "Metalogix.SharePoint.Adapters", "Metalogix.SharePoint.Adapters\Metalogix.SharePoint.Adapters.csproj", "{E9DFF0FE-D8EB-4CC2-BC04-0EE2B5F4990F}"
EndProject
Project("{FAE04EC0-301F-11D3-BF4B-00C04F79EFBC}") = "Metalogix.SharePoint", "Metalogix.SharePoint\Metalogix.SharePoint.csproj", "{1EBBEDEB-0EA6-470C-B37D-26B72A1E713D}"
EndProject
Project("{FAE04EC0-301F-11D3-BF4B-00C04F79EFBC}") = "Metalogix.SharePoint.Options", "Metalogix.SharePoint.Options\Metalogix.SharePoint.Options.csproj", "{C1635653-6AAD-4EAA-A5A0-60D84A533D63}"
EndProject
Project("{FAE04EC0-301F-11D3-BF4B-00C04F79EFBC}") = "Metalogix.SharePoint.Actions", "Metalogix.SharePoint.Actions\Metalogix.SharePoint.Actions.csproj", "{1EB2684D-8377-4B1E-92E4-A139D173FD9D}"
EndProject
Project("{FAE04EC0-301F-11D3-BF4B-00C04F79EFBC}") = "Metalogix.SharePoint.UI.WinForms", "Metalogix.SharePoint.UI.WinForms\Metalogix.SharePoint.UI.WinForms.csproj", "{FD421A60-C0C5-41F7-831D-8E2E752C879B}"
	ProjectSection(ProjectDependencies) = postProject
		{E4130506-97AB-4226-9323-B9DB94629BDC} = {E4130506-97AB-4226-9323-B9DB94629BDC}
		{08A3E529-0AF3-44AC-8668-230AF48B0FA3} = {08A3E529-0AF3-44AC-8668-230AF48B0FA3}
		{1EB2684D-8377-4B1E-92E4-A139D173FD9D} = {1EB2684D-8377-4B1E-92E4-A139D173FD9D}
		{C1635653-6AAD-4EAA-A5A0-60D84A533D63} = {C1635653-6AAD-4EAA-A5A0-60D84A533D63}
		{B9437661-F8FE-42E1-A771-63A63B294864} = {B9437661-F8FE-42E1-A771-63A63B294864}
		{1DEE0F6A-9402-40E1-AC4B-4904989BA28D} = {1DEE0F6A-9402-40E1-AC4B-4904989BA28D}
		{6616966D-E4DB-4A44-9645-DD6C35CDF061} = {6616966D-E4DB-4A44-9645-DD6C35CDF061}
		{0CAA4A75-1AAB-4B37-A610-626B45E150F8} = {0CAA4A75-1AAB-4B37-A610-626B45E150F8}
		{2AEF72AE-552F-4A3D-98A8-79E5C6A5C6F0} = {2AEF72AE-552F-4A3D-98A8-79E5C6A5C6F0}
		{004767BA-3564-4224-8B0C-0EC2487B9DD8} = {004767BA-3564-4224-8B0C-0EC2487B9DD8}
		{4021BED6-DF4D-47A9-8F69-C7FFDF7A7604} = {4021BED6-DF4D-47A9-8F69-C7FFDF7A7604}
		{1EBBEDEB-0EA6-470C-B37D-26B72A1E713D} = {1EBBEDEB-0EA6-470C-B37D-26B72A1E713D}
		{44BE20ED-A618-469B-A9BF-C28393FA4A74} = {44BE20ED-A618-469B-A9BF-C28393FA4A74}
		{D4C508EF-9614-4C75-87D3-DA6A8CD9A6AE} = {D4C508EF-9614-4C75-87D3-DA6A8CD9A6AE}
		{E9DFF0FE-D8EB-4CC2-BC04-0EE2B5F4990F} = {E9DFF0FE-D8EB-4CC2-BC04-0EE2B5F4990F}
	EndProjectSection
EndProject
Project("{FAE04EC0-301F-11D3-BF4B-00C04F79EFBC}") = "Metalogix.SharePoint.ResourceLocalizer", "Metalogix.SharePoint.ResourceLocalizer\Metalogix.SharePoint.ResourceLocalizer.csproj", "{1F35F4E0-3CB3-465C-96D5-ADF64C11CA6D}"
EndProject
Project("{FAE04EC0-301F-11D3-BF4B-00C04F79EFBC}") = "Metalogix.SharePoint.Telemetry", "Metalogix.SharePoint.Telemetry\Metalogix.SharePoint.Telemetry.csproj", "{23193CAE-26BB-44AD-8D3B-47B167A8C58B}"
EndProject
Project("{FAE04EC0-301F-11D3-BF4B-00C04F79EFBC}") = "Metalogix.SharePoint.Adapters.NWS", "Metalogix.SharePoint.Adapters.NWS\Metalogix.SharePoint.Adapters.NWS.csproj", "{FB0414CF-A9AE-45E1-A809-978F4A2EAB32}"
EndProject
Project("{FAE04EC0-301F-11D3-BF4B-00C04F79EFBC}") = "Metalogix.SharePoint.Adapters.MLWS", "Metalogix.SharePoint.Adapters.MLWS\Metalogix.SharePoint.Adapters.MLWS.csproj", "{4C759AFF-BF4A-4E12-AF3D-ED9B0ADB814B}"
EndProject
Project("{FAE04EC0-301F-11D3-BF4B-00C04F79EFBC}") = "Metalogix.SharePoint.BlobUnshredder", "Metalogix.SharePoint.BlobUnshredder\Metalogix.SharePoint.BlobUnshredder.csproj", "{75EF74AA-9D1D-428B-82EA-C0C4343E7DC9}"
EndProject
Project("{FAE04EC0-301F-11D3-BF4B-00C04F79EFBC}") = "Metalogix.SharePoint.Adapters.ClientOM", "Metalogix.SharePoint.Adapters.ClientOM\Metalogix.SharePoint.Adapters.ClientOM.csproj", "{52FF25E3-6368-40B6-B7C6-0967122F1442}"
EndProject
Project("{FAE04EC0-301F-11D3-BF4B-00C04F79EFBC}") = "Metalogix.SharePoint.Adapters.StoragePoint", "Metalogix.SharePoint.Adapters.StoragePoint\Metalogix.SharePoint.Adapters.StoragePoint.csproj", "{5FAC9F4D-9D43-46AA-AF64-455E89E74C9F}"
EndProject
Project("{FAE04EC0-301F-11D3-BF4B-00C04F79EFBC}") = "Metalogix.SharePoint.Adapters.OM", "Metalogix.SharePoint.Adapters.OM\Metalogix.SharePoint.Adapters.OM.csproj", "{6915A6A6-DD01-421C-A3D4-F37DF6CCE52D}"
EndProject
Project("{FAE04EC0-301F-11D3-BF4B-00C04F79EFBC}") = "Metalogix.SharePoint.Adapters.CSOM2013Client", "Metalogix.SharePoint.Adapters.CSOM2013Client\Metalogix.SharePoint.Adapters.CSOM2013Client.csproj", "{2FE47A66-2AE6-4159-BBCC-86C6FE869C1A}"
EndProject
Project("{FAE04EC0-301F-11D3-BF4B-00C04F79EFBC}") = "Metalogix.SharePoint.Adapters.AutoDetect", "Metalogix.SharePoint.Adapters.AutoDetect\Metalogix.SharePoint.Adapters.AutoDetect.csproj", "{435E4B47-1A36-4FAD-8431-7AFF6A10C527}"
EndProject
Project("{FAE04EC0-301F-11D3-BF4B-00C04F79EFBC}") = "Metalogix.SharePoint.Commands", "Metalogix.SharePoint.Commands\Metalogix.SharePoint.Commands.csproj", "{80126E2A-D622-499E-B0BB-FF77E65E8F20}"
EndProject
Project("{FAE04EC0-301F-11D3-BF4B-00C04F79EFBC}") = "Metalogix.SharePoint.Migration.Commands", "Metalogix.SharePoint.Migration.Commands\Metalogix.SharePoint.Migration.Commands.csproj", "{79BB0190-AF17-4944-B112-F7E19ED867B8}"
EndProject
Project("{FAE04EC0-301F-11D3-BF4B-00C04F79EFBC}") = "Metalogix.SharePoint.Adapters.DB", "Metalogix.SharePoint.Adapters.DB\Metalogix.SharePoint.Adapters.DB.csproj", "{53084C5B-5498-4124-9231-4D2179540845}"
EndProject
Project("{FAE04EC0-301F-11D3-BF4B-00C04F79EFBC}") = "ConsolaMigrador", "Consola\ConsolaMigrador.csproj", "{A5B1C625-CE10-4B8B-A41D-AC53F69EBF6C}"
EndProject
Project("{FAE04EC0-301F-11D3-BF4B-00C04F79EFBC}") = "Metalogix.UI.WinForms", "Metalogix.UI.WinForms\Metalogix.UI.WinForms.csproj", "{2AEF72AE-552F-4A3D-98A8-79E5C6A5C6F0}"
EndProject
Project("{FAE04EC0-301F-11D3-BF4B-00C04F79EFBC}") = "Metalogix.SharePoint.Adapters.CSOM2013Service", "Metalogix.SharePoint.Adapters.CSOM2013Service\Metalogix.SharePoint.Adapters.CSOM2013Service.csproj", "{14A21316-E8B8-405B-903C-12873604B048}"
EndProject
Project("{FAE04EC0-301F-11D3-BF4B-00C04F79EFBC}") = "Metalogix.SharePoint.Adapters.CSOM2013", "Metalogix.SharePoint.Adapters.CSOM2013\Metalogix.SharePoint.Adapters.CSOM2013.csproj", "{3BBFAC40-F88F-47DC-A852-13C9F1F9BE62}"
EndProject
Project("{2150E333-8FDC-42A3-9474-1A3956D46DE8}") = "Core", "Core", "{1F2AB0D8-0B5E-4D41-8A69-3AE3EEDC48B4}"
EndProject
Project("{2150E333-8FDC-42A3-9474-1A3956D46DE8}") = "Adapters", "Adapters", "{2EE15986-9892-48BB-BEDA-09A5C6ADD464}"
EndProject
Project("{2150E333-8FDC-42A3-9474-1A3956D46DE8}") = "Sharepoint", "Sharepoint", "{324EDD1B-92FA-4ED8-8300-3197978D82DC}"
EndProject
Project("{2150E333-8FDC-42A3-9474-1A3956D46DE8}") = "Azure", "Azure", "{9B7CB47E-F9BB-4106-853E-606EC8B44099}"
EndProject
Project("{2150E333-8FDC-42A3-9474-1A3956D46DE8}") = "UI", "UI", "{4CBED063-0417-4A06-BD30-271722110C34}"
EndProject
Project("{FAE04EC0-301F-11D3-BF4B-00C04F79EFBC}") = "SharedCompanyInfo", "SharedCompanyInfo\SharedCompanyInfo.csproj", "{6055A4D2-AE7D-4D4F-B0C6-F17C53AF78B8}"
EndProject
Project("{FAE04EC0-301F-11D3-BF4B-00C04F79EFBC}") = "KeyCreator", "KeyCreator\KeyCreator.csproj", "{3AFF0934-47F1-4B71-A0D8-54B95D34A649}"
EndProject
Global
	GlobalSection(SolutionConfigurationPlatforms) = preSolution
		Debug|Any CPU = Debug|Any CPU
		Debug|x86 = Debug|x86
		Release|Any CPU = Release|Any CPU
		Release|x86 = Release|x86
	EndGlobalSection
	GlobalSection(ProjectConfigurationPlatforms) = postSolution
		{E4130506-97AB-4226-9323-B9DB94629BDC}.Debug|Any CPU.ActiveCfg = Debug|Any CPU
		{E4130506-97AB-4226-9323-B9DB94629BDC}.Debug|Any CPU.Build.0 = Debug|Any CPU
		{E4130506-97AB-4226-9323-B9DB94629BDC}.Debug|x86.ActiveCfg = Debug|x86
		{E4130506-97AB-4226-9323-B9DB94629BDC}.Debug|x86.Build.0 = Debug|x86
		{E4130506-97AB-4226-9323-B9DB94629BDC}.Release|Any CPU.ActiveCfg = Release|Any CPU
		{E4130506-97AB-4226-9323-B9DB94629BDC}.Release|Any CPU.Build.0 = Release|Any CPU
		{E4130506-97AB-4226-9323-B9DB94629BDC}.Release|x86.ActiveCfg = Release|x86
		{E4130506-97AB-4226-9323-B9DB94629BDC}.Release|x86.Build.0 = Release|x86
		{44BE20ED-A618-469B-A9BF-C28393FA4A74}.Debug|Any CPU.ActiveCfg = Debug|Any CPU
		{44BE20ED-A618-469B-A9BF-C28393FA4A74}.Debug|Any CPU.Build.0 = Debug|Any CPU
		{44BE20ED-A618-469B-A9BF-C28393FA4A74}.Debug|x86.ActiveCfg = Debug|x86
		{44BE20ED-A618-469B-A9BF-C28393FA4A74}.Debug|x86.Build.0 = Debug|x86
		{44BE20ED-A618-469B-A9BF-C28393FA4A74}.Release|Any CPU.ActiveCfg = Release|Any CPU
		{44BE20ED-A618-469B-A9BF-C28393FA4A74}.Release|Any CPU.Build.0 = Release|Any CPU
		{44BE20ED-A618-469B-A9BF-C28393FA4A74}.Release|x86.ActiveCfg = Release|x86
		{44BE20ED-A618-469B-A9BF-C28393FA4A74}.Release|x86.Build.0 = Release|x86
		{6D91B83A-FB66-422E-BFFD-224630557A61}.Debug|Any CPU.ActiveCfg = Debug|Any CPU
		{6D91B83A-FB66-422E-BFFD-224630557A61}.Debug|Any CPU.Build.0 = Debug|Any CPU
		{6D91B83A-FB66-422E-BFFD-224630557A61}.Debug|x86.ActiveCfg = Debug|x86
		{6D91B83A-FB66-422E-BFFD-224630557A61}.Debug|x86.Build.0 = Debug|x86
		{6D91B83A-FB66-422E-BFFD-224630557A61}.Release|Any CPU.ActiveCfg = Release|Any CPU
		{6D91B83A-FB66-422E-BFFD-224630557A61}.Release|Any CPU.Build.0 = Release|Any CPU
		{6D91B83A-FB66-422E-BFFD-224630557A61}.Release|x86.ActiveCfg = Release|x86
		{6D91B83A-FB66-422E-BFFD-224630557A61}.Release|x86.Build.0 = Release|x86
		{4021BED6-DF4D-47A9-8F69-C7FFDF7A7604}.Debug|Any CPU.ActiveCfg = Debug|Any CPU
		{4021BED6-DF4D-47A9-8F69-C7FFDF7A7604}.Debug|Any CPU.Build.0 = Debug|Any CPU
		{4021BED6-DF4D-47A9-8F69-C7FFDF7A7604}.Debug|x86.ActiveCfg = Debug|x86
		{4021BED6-DF4D-47A9-8F69-C7FFDF7A7604}.Debug|x86.Build.0 = Debug|x86
		{4021BED6-DF4D-47A9-8F69-C7FFDF7A7604}.Release|Any CPU.ActiveCfg = Release|Any CPU
		{4021BED6-DF4D-47A9-8F69-C7FFDF7A7604}.Release|Any CPU.Build.0 = Release|Any CPU
		{4021BED6-DF4D-47A9-8F69-C7FFDF7A7604}.Release|x86.ActiveCfg = Release|x86
		{4021BED6-DF4D-47A9-8F69-C7FFDF7A7604}.Release|x86.Build.0 = Release|x86
		{004767BA-3564-4224-8B0C-0EC2487B9DD8}.Debug|Any CPU.ActiveCfg = Debug|Any CPU
		{004767BA-3564-4224-8B0C-0EC2487B9DD8}.Debug|Any CPU.Build.0 = Debug|Any CPU
		{004767BA-3564-4224-8B0C-0EC2487B9DD8}.Debug|x86.ActiveCfg = Debug|x86
		{004767BA-3564-4224-8B0C-0EC2487B9DD8}.Debug|x86.Build.0 = Debug|x86
		{004767BA-3564-4224-8B0C-0EC2487B9DD8}.Release|Any CPU.ActiveCfg = Release|Any CPU
		{004767BA-3564-4224-8B0C-0EC2487B9DD8}.Release|Any CPU.Build.0 = Release|Any CPU
		{004767BA-3564-4224-8B0C-0EC2487B9DD8}.Release|x86.ActiveCfg = Release|x86
		{004767BA-3564-4224-8B0C-0EC2487B9DD8}.Release|x86.Build.0 = Release|x86
		{08A3E529-0AF3-44AC-8668-230AF48B0FA3}.Debug|Any CPU.ActiveCfg = Debug|Any CPU
		{08A3E529-0AF3-44AC-8668-230AF48B0FA3}.Debug|Any CPU.Build.0 = Debug|Any CPU
		{08A3E529-0AF3-44AC-8668-230AF48B0FA3}.Debug|x86.ActiveCfg = Debug|x86
		{08A3E529-0AF3-44AC-8668-230AF48B0FA3}.Debug|x86.Build.0 = Debug|x86
		{08A3E529-0AF3-44AC-8668-230AF48B0FA3}.Release|Any CPU.ActiveCfg = Release|Any CPU
		{08A3E529-0AF3-44AC-8668-230AF48B0FA3}.Release|Any CPU.Build.0 = Release|Any CPU
		{08A3E529-0AF3-44AC-8668-230AF48B0FA3}.Release|x86.ActiveCfg = Release|x86
		{08A3E529-0AF3-44AC-8668-230AF48B0FA3}.Release|x86.Build.0 = Release|x86
		{D4C508EF-9614-4C75-87D3-DA6A8CD9A6AE}.Debug|Any CPU.ActiveCfg = Debug|Any CPU
		{D4C508EF-9614-4C75-87D3-DA6A8CD9A6AE}.Debug|Any CPU.Build.0 = Debug|Any CPU
		{D4C508EF-9614-4C75-87D3-DA6A8CD9A6AE}.Debug|x86.ActiveCfg = Debug|x86
		{D4C508EF-9614-4C75-87D3-DA6A8CD9A6AE}.Debug|x86.Build.0 = Debug|x86
		{D4C508EF-9614-4C75-87D3-DA6A8CD9A6AE}.Release|Any CPU.ActiveCfg = Release|Any CPU
		{D4C508EF-9614-4C75-87D3-DA6A8CD9A6AE}.Release|Any CPU.Build.0 = Release|Any CPU
		{D4C508EF-9614-4C75-87D3-DA6A8CD9A6AE}.Release|x86.ActiveCfg = Release|x86
		{D4C508EF-9614-4C75-87D3-DA6A8CD9A6AE}.Release|x86.Build.0 = Release|x86
		{4BAF70E9-3748-42E7-A6B3-5425DADC0188}.Debug|Any CPU.ActiveCfg = Debug|Any CPU
		{4BAF70E9-3748-42E7-A6B3-5425DADC0188}.Debug|Any CPU.Build.0 = Debug|Any CPU
		{4BAF70E9-3748-42E7-A6B3-5425DADC0188}.Debug|x86.ActiveCfg = Debug|x86
		{4BAF70E9-3748-42E7-A6B3-5425DADC0188}.Debug|x86.Build.0 = Debug|x86
		{4BAF70E9-3748-42E7-A6B3-5425DADC0188}.Release|Any CPU.ActiveCfg = Release|Any CPU
		{4BAF70E9-3748-42E7-A6B3-5425DADC0188}.Release|Any CPU.Build.0 = Release|Any CPU
		{4BAF70E9-3748-42E7-A6B3-5425DADC0188}.Release|x86.ActiveCfg = Release|x86
		{4BAF70E9-3748-42E7-A6B3-5425DADC0188}.Release|x86.Build.0 = Release|x86
		{6616966D-E4DB-4A44-9645-DD6C35CDF061}.Debug|Any CPU.ActiveCfg = Debug|Any CPU
		{6616966D-E4DB-4A44-9645-DD6C35CDF061}.Debug|Any CPU.Build.0 = Debug|Any CPU
		{6616966D-E4DB-4A44-9645-DD6C35CDF061}.Debug|x86.ActiveCfg = Debug|x86
		{6616966D-E4DB-4A44-9645-DD6C35CDF061}.Debug|x86.Build.0 = Debug|x86
		{6616966D-E4DB-4A44-9645-DD6C35CDF061}.Release|Any CPU.ActiveCfg = Release|Any CPU
		{6616966D-E4DB-4A44-9645-DD6C35CDF061}.Release|Any CPU.Build.0 = Release|Any CPU
		{6616966D-E4DB-4A44-9645-DD6C35CDF061}.Release|x86.ActiveCfg = Release|x86
		{6616966D-E4DB-4A44-9645-DD6C35CDF061}.Release|x86.Build.0 = Release|x86
		{5CA97097-8A1B-42C4-B4F3-BF899B6EAC22}.Debug|Any CPU.ActiveCfg = Debug|Any CPU
		{5CA97097-8A1B-42C4-B4F3-BF899B6EAC22}.Debug|Any CPU.Build.0 = Debug|Any CPU
		{5CA97097-8A1B-42C4-B4F3-BF899B6EAC22}.Debug|x86.ActiveCfg = Debug|x86
		{5CA97097-8A1B-42C4-B4F3-BF899B6EAC22}.Debug|x86.Build.0 = Debug|x86
		{5CA97097-8A1B-42C4-B4F3-BF899B6EAC22}.Release|Any CPU.ActiveCfg = Release|Any CPU
		{5CA97097-8A1B-42C4-B4F3-BF899B6EAC22}.Release|Any CPU.Build.0 = Release|Any CPU
		{5CA97097-8A1B-42C4-B4F3-BF899B6EAC22}.Release|x86.ActiveCfg = Release|x86
		{5CA97097-8A1B-42C4-B4F3-BF899B6EAC22}.Release|x86.Build.0 = Release|x86
		{02C13C4F-A377-478D-AC97-B6DE1B8B2C6D}.Debug|Any CPU.ActiveCfg = Debug|Any CPU
		{02C13C4F-A377-478D-AC97-B6DE1B8B2C6D}.Debug|Any CPU.Build.0 = Debug|Any CPU
		{02C13C4F-A377-478D-AC97-B6DE1B8B2C6D}.Debug|x86.ActiveCfg = Debug|x86
		{02C13C4F-A377-478D-AC97-B6DE1B8B2C6D}.Debug|x86.Build.0 = Debug|x86
		{02C13C4F-A377-478D-AC97-B6DE1B8B2C6D}.Release|Any CPU.ActiveCfg = Release|Any CPU
		{02C13C4F-A377-478D-AC97-B6DE1B8B2C6D}.Release|Any CPU.Build.0 = Release|Any CPU
		{02C13C4F-A377-478D-AC97-B6DE1B8B2C6D}.Release|x86.ActiveCfg = Release|x86
		{02C13C4F-A377-478D-AC97-B6DE1B8B2C6D}.Release|x86.Build.0 = Release|x86
		{1A3BD1BE-F871-4ABA-96AF-4C2343D65278}.Debug|Any CPU.ActiveCfg = Debug|Any CPU
		{1A3BD1BE-F871-4ABA-96AF-4C2343D65278}.Debug|Any CPU.Build.0 = Debug|Any CPU
		{1A3BD1BE-F871-4ABA-96AF-4C2343D65278}.Debug|x86.ActiveCfg = Debug|x86
		{1A3BD1BE-F871-4ABA-96AF-4C2343D65278}.Debug|x86.Build.0 = Debug|x86
		{1A3BD1BE-F871-4ABA-96AF-4C2343D65278}.Release|Any CPU.ActiveCfg = Release|Any CPU
		{1A3BD1BE-F871-4ABA-96AF-4C2343D65278}.Release|Any CPU.Build.0 = Release|Any CPU
		{1A3BD1BE-F871-4ABA-96AF-4C2343D65278}.Release|x86.ActiveCfg = Release|x86
		{1A3BD1BE-F871-4ABA-96AF-4C2343D65278}.Release|x86.Build.0 = Release|x86
		{1DEE0F6A-9402-40E1-AC4B-4904989BA28D}.Debug|Any CPU.ActiveCfg = Debug|Any CPU
		{1DEE0F6A-9402-40E1-AC4B-4904989BA28D}.Debug|Any CPU.Build.0 = Debug|Any CPU
		{1DEE0F6A-9402-40E1-AC4B-4904989BA28D}.Debug|x86.ActiveCfg = Debug|x86
		{1DEE0F6A-9402-40E1-AC4B-4904989BA28D}.Debug|x86.Build.0 = Debug|x86
		{1DEE0F6A-9402-40E1-AC4B-4904989BA28D}.Release|Any CPU.ActiveCfg = Release|Any CPU
		{1DEE0F6A-9402-40E1-AC4B-4904989BA28D}.Release|Any CPU.Build.0 = Release|Any CPU
		{1DEE0F6A-9402-40E1-AC4B-4904989BA28D}.Release|x86.ActiveCfg = Release|x86
		{1DEE0F6A-9402-40E1-AC4B-4904989BA28D}.Release|x86.Build.0 = Release|x86
		{ACF4BAF2-9F16-42F0-B276-D8B4DFAF61D4}.Debug|Any CPU.ActiveCfg = Debug|Any CPU
		{ACF4BAF2-9F16-42F0-B276-D8B4DFAF61D4}.Debug|Any CPU.Build.0 = Debug|Any CPU
		{ACF4BAF2-9F16-42F0-B276-D8B4DFAF61D4}.Debug|x86.ActiveCfg = Debug|x86
		{ACF4BAF2-9F16-42F0-B276-D8B4DFAF61D4}.Debug|x86.Build.0 = Debug|x86
		{ACF4BAF2-9F16-42F0-B276-D8B4DFAF61D4}.Release|Any CPU.ActiveCfg = Release|Any CPU
		{ACF4BAF2-9F16-42F0-B276-D8B4DFAF61D4}.Release|Any CPU.Build.0 = Release|Any CPU
		{ACF4BAF2-9F16-42F0-B276-D8B4DFAF61D4}.Release|x86.ActiveCfg = Release|x86
		{ACF4BAF2-9F16-42F0-B276-D8B4DFAF61D4}.Release|x86.Build.0 = Release|x86
		{3EFED7F3-6A9E-4153-B6CC-ED3143F971DE}.Debug|Any CPU.ActiveCfg = Debug|Any CPU
		{3EFED7F3-6A9E-4153-B6CC-ED3143F971DE}.Debug|Any CPU.Build.0 = Debug|Any CPU
		{3EFED7F3-6A9E-4153-B6CC-ED3143F971DE}.Debug|x86.ActiveCfg = Debug|x86
		{3EFED7F3-6A9E-4153-B6CC-ED3143F971DE}.Debug|x86.Build.0 = Debug|x86
		{3EFED7F3-6A9E-4153-B6CC-ED3143F971DE}.Release|Any CPU.ActiveCfg = Release|Any CPU
		{3EFED7F3-6A9E-4153-B6CC-ED3143F971DE}.Release|Any CPU.Build.0 = Release|Any CPU
		{3EFED7F3-6A9E-4153-B6CC-ED3143F971DE}.Release|x86.ActiveCfg = Release|x86
		{3EFED7F3-6A9E-4153-B6CC-ED3143F971DE}.Release|x86.Build.0 = Release|x86
		{265FD2AD-1A1E-42BA-B4F6-81AC0D364DAF}.Debug|Any CPU.ActiveCfg = Debug|Any CPU
		{265FD2AD-1A1E-42BA-B4F6-81AC0D364DAF}.Debug|Any CPU.Build.0 = Debug|Any CPU
		{265FD2AD-1A1E-42BA-B4F6-81AC0D364DAF}.Debug|x86.ActiveCfg = Debug|x86
		{265FD2AD-1A1E-42BA-B4F6-81AC0D364DAF}.Debug|x86.Build.0 = Debug|x86
		{265FD2AD-1A1E-42BA-B4F6-81AC0D364DAF}.Release|Any CPU.ActiveCfg = Release|Any CPU
		{265FD2AD-1A1E-42BA-B4F6-81AC0D364DAF}.Release|Any CPU.Build.0 = Release|Any CPU
		{265FD2AD-1A1E-42BA-B4F6-81AC0D364DAF}.Release|x86.ActiveCfg = Release|x86
		{265FD2AD-1A1E-42BA-B4F6-81AC0D364DAF}.Release|x86.Build.0 = Release|x86
		{B9437661-F8FE-42E1-A771-63A63B294864}.Debug|Any CPU.ActiveCfg = Debug|Any CPU
		{B9437661-F8FE-42E1-A771-63A63B294864}.Debug|Any CPU.Build.0 = Debug|Any CPU
		{B9437661-F8FE-42E1-A771-63A63B294864}.Debug|x86.ActiveCfg = Debug|x86
		{B9437661-F8FE-42E1-A771-63A63B294864}.Debug|x86.Build.0 = Debug|x86
		{B9437661-F8FE-42E1-A771-63A63B294864}.Release|Any CPU.ActiveCfg = Release|Any CPU
		{B9437661-F8FE-42E1-A771-63A63B294864}.Release|Any CPU.Build.0 = Release|Any CPU
		{B9437661-F8FE-42E1-A771-63A63B294864}.Release|x86.ActiveCfg = Release|x86
		{B9437661-F8FE-42E1-A771-63A63B294864}.Release|x86.Build.0 = Release|x86
		{C61221C6-BC82-4E75-A950-5F75F857CC42}.Debug|Any CPU.ActiveCfg = Debug|Any CPU
		{C61221C6-BC82-4E75-A950-5F75F857CC42}.Debug|Any CPU.Build.0 = Debug|Any CPU
		{C61221C6-BC82-4E75-A950-5F75F857CC42}.Debug|x86.ActiveCfg = Debug|x86
		{C61221C6-BC82-4E75-A950-5F75F857CC42}.Debug|x86.Build.0 = Debug|x86
		{C61221C6-BC82-4E75-A950-5F75F857CC42}.Release|Any CPU.ActiveCfg = Release|Any CPU
		{C61221C6-BC82-4E75-A950-5F75F857CC42}.Release|Any CPU.Build.0 = Release|Any CPU
		{C61221C6-BC82-4E75-A950-5F75F857CC42}.Release|x86.ActiveCfg = Release|x86
		{C61221C6-BC82-4E75-A950-5F75F857CC42}.Release|x86.Build.0 = Release|x86
		{BA3E5D1C-2B6A-47D7-9D84-B4E7922A3DF9}.Debug|Any CPU.ActiveCfg = Debug|Any CPU
		{BA3E5D1C-2B6A-47D7-9D84-B4E7922A3DF9}.Debug|Any CPU.Build.0 = Debug|Any CPU
		{BA3E5D1C-2B6A-47D7-9D84-B4E7922A3DF9}.Debug|x86.ActiveCfg = Debug|x86
		{BA3E5D1C-2B6A-47D7-9D84-B4E7922A3DF9}.Debug|x86.Build.0 = Debug|x86
		{BA3E5D1C-2B6A-47D7-9D84-B4E7922A3DF9}.Release|Any CPU.ActiveCfg = Release|Any CPU
		{BA3E5D1C-2B6A-47D7-9D84-B4E7922A3DF9}.Release|Any CPU.Build.0 = Release|Any CPU
		{BA3E5D1C-2B6A-47D7-9D84-B4E7922A3DF9}.Release|x86.ActiveCfg = Release|x86
		{BA3E5D1C-2B6A-47D7-9D84-B4E7922A3DF9}.Release|x86.Build.0 = Release|x86
		{64C37375-47A5-4FE3-BF30-1CAA2DC004E6}.Debug|Any CPU.ActiveCfg = Debug|Any CPU
		{64C37375-47A5-4FE3-BF30-1CAA2DC004E6}.Debug|Any CPU.Build.0 = Debug|Any CPU
		{64C37375-47A5-4FE3-BF30-1CAA2DC004E6}.Debug|x86.ActiveCfg = Debug|x86
		{64C37375-47A5-4FE3-BF30-1CAA2DC004E6}.Debug|x86.Build.0 = Debug|x86
		{64C37375-47A5-4FE3-BF30-1CAA2DC004E6}.Release|Any CPU.ActiveCfg = Release|Any CPU
		{64C37375-47A5-4FE3-BF30-1CAA2DC004E6}.Release|Any CPU.Build.0 = Release|Any CPU
		{64C37375-47A5-4FE3-BF30-1CAA2DC004E6}.Release|x86.ActiveCfg = Release|x86
		{64C37375-47A5-4FE3-BF30-1CAA2DC004E6}.Release|x86.Build.0 = Release|x86
		{0CAA4A75-1AAB-4B37-A610-626B45E150F8}.Debug|Any CPU.ActiveCfg = Debug|Any CPU
		{0CAA4A75-1AAB-4B37-A610-626B45E150F8}.Debug|Any CPU.Build.0 = Debug|Any CPU
		{0CAA4A75-1AAB-4B37-A610-626B45E150F8}.Debug|x86.ActiveCfg = Debug|x86
		{0CAA4A75-1AAB-4B37-A610-626B45E150F8}.Debug|x86.Build.0 = Debug|x86
		{0CAA4A75-1AAB-4B37-A610-626B45E150F8}.Release|Any CPU.ActiveCfg = Release|Any CPU
		{0CAA4A75-1AAB-4B37-A610-626B45E150F8}.Release|Any CPU.Build.0 = Release|Any CPU
		{0CAA4A75-1AAB-4B37-A610-626B45E150F8}.Release|x86.ActiveCfg = Release|x86
		{0CAA4A75-1AAB-4B37-A610-626B45E150F8}.Release|x86.Build.0 = Release|x86
		{A32333D8-2A30-4939-8A05-360808FE2395}.Debug|Any CPU.ActiveCfg = Debug|Any CPU
		{A32333D8-2A30-4939-8A05-360808FE2395}.Debug|Any CPU.Build.0 = Debug|Any CPU
		{A32333D8-2A30-4939-8A05-360808FE2395}.Debug|x86.ActiveCfg = Debug|x86
		{A32333D8-2A30-4939-8A05-360808FE2395}.Debug|x86.Build.0 = Debug|x86
		{A32333D8-2A30-4939-8A05-360808FE2395}.Release|Any CPU.ActiveCfg = Release|Any CPU
		{A32333D8-2A30-4939-8A05-360808FE2395}.Release|Any CPU.Build.0 = Release|Any CPU
		{A32333D8-2A30-4939-8A05-360808FE2395}.Release|x86.ActiveCfg = Release|x86
		{A32333D8-2A30-4939-8A05-360808FE2395}.Release|x86.Build.0 = Release|x86
		{181C60BC-BAF2-407A-83C7-89131F5336F4}.Debug|Any CPU.ActiveCfg = Debug|Any CPU
		{181C60BC-BAF2-407A-83C7-89131F5336F4}.Debug|Any CPU.Build.0 = Debug|Any CPU
		{181C60BC-BAF2-407A-83C7-89131F5336F4}.Debug|x86.ActiveCfg = Debug|x86
		{181C60BC-BAF2-407A-83C7-89131F5336F4}.Debug|x86.Build.0 = Debug|x86
		{181C60BC-BAF2-407A-83C7-89131F5336F4}.Release|Any CPU.ActiveCfg = Release|Any CPU
		{181C60BC-BAF2-407A-83C7-89131F5336F4}.Release|Any CPU.Build.0 = Release|Any CPU
		{181C60BC-BAF2-407A-83C7-89131F5336F4}.Release|x86.ActiveCfg = Release|x86
		{181C60BC-BAF2-407A-83C7-89131F5336F4}.Release|x86.Build.0 = Release|x86
		{E9DFF0FE-D8EB-4CC2-BC04-0EE2B5F4990F}.Debug|Any CPU.ActiveCfg = Debug|Any CPU
		{E9DFF0FE-D8EB-4CC2-BC04-0EE2B5F4990F}.Debug|Any CPU.Build.0 = Debug|Any CPU
		{E9DFF0FE-D8EB-4CC2-BC04-0EE2B5F4990F}.Debug|x86.ActiveCfg = Debug|x86
		{E9DFF0FE-D8EB-4CC2-BC04-0EE2B5F4990F}.Debug|x86.Build.0 = Debug|x86
		{E9DFF0FE-D8EB-4CC2-BC04-0EE2B5F4990F}.Release|Any CPU.ActiveCfg = Release|Any CPU
		{E9DFF0FE-D8EB-4CC2-BC04-0EE2B5F4990F}.Release|Any CPU.Build.0 = Release|Any CPU
		{E9DFF0FE-D8EB-4CC2-BC04-0EE2B5F4990F}.Release|x86.ActiveCfg = Release|x86
		{E9DFF0FE-D8EB-4CC2-BC04-0EE2B5F4990F}.Release|x86.Build.0 = Release|x86
		{1EBBEDEB-0EA6-470C-B37D-26B72A1E713D}.Debug|Any CPU.ActiveCfg = Debug|Any CPU
		{1EBBEDEB-0EA6-470C-B37D-26B72A1E713D}.Debug|Any CPU.Build.0 = Debug|Any CPU
		{1EBBEDEB-0EA6-470C-B37D-26B72A1E713D}.Debug|x86.ActiveCfg = Debug|x86
		{1EBBEDEB-0EA6-470C-B37D-26B72A1E713D}.Debug|x86.Build.0 = Debug|x86
		{1EBBEDEB-0EA6-470C-B37D-26B72A1E713D}.Release|Any CPU.ActiveCfg = Release|Any CPU
		{1EBBEDEB-0EA6-470C-B37D-26B72A1E713D}.Release|Any CPU.Build.0 = Release|Any CPU
		{1EBBEDEB-0EA6-470C-B37D-26B72A1E713D}.Release|x86.ActiveCfg = Release|x86
		{1EBBEDEB-0EA6-470C-B37D-26B72A1E713D}.Release|x86.Build.0 = Release|x86
		{C1635653-6AAD-4EAA-A5A0-60D84A533D63}.Debug|Any CPU.ActiveCfg = Debug|Any CPU
		{C1635653-6AAD-4EAA-A5A0-60D84A533D63}.Debug|Any CPU.Build.0 = Debug|Any CPU
		{C1635653-6AAD-4EAA-A5A0-60D84A533D63}.Debug|x86.ActiveCfg = Debug|x86
		{C1635653-6AAD-4EAA-A5A0-60D84A533D63}.Debug|x86.Build.0 = Debug|x86
		{C1635653-6AAD-4EAA-A5A0-60D84A533D63}.Release|Any CPU.ActiveCfg = Release|Any CPU
		{C1635653-6AAD-4EAA-A5A0-60D84A533D63}.Release|Any CPU.Build.0 = Release|Any CPU
		{C1635653-6AAD-4EAA-A5A0-60D84A533D63}.Release|x86.ActiveCfg = Release|x86
		{C1635653-6AAD-4EAA-A5A0-60D84A533D63}.Release|x86.Build.0 = Release|x86
		{1EB2684D-8377-4B1E-92E4-A139D173FD9D}.Debug|Any CPU.ActiveCfg = Debug|Any CPU
		{1EB2684D-8377-4B1E-92E4-A139D173FD9D}.Debug|Any CPU.Build.0 = Debug|Any CPU
		{1EB2684D-8377-4B1E-92E4-A139D173FD9D}.Debug|x86.ActiveCfg = Debug|x86
		{1EB2684D-8377-4B1E-92E4-A139D173FD9D}.Debug|x86.Build.0 = Debug|x86
		{1EB2684D-8377-4B1E-92E4-A139D173FD9D}.Release|Any CPU.ActiveCfg = Release|Any CPU
		{1EB2684D-8377-4B1E-92E4-A139D173FD9D}.Release|Any CPU.Build.0 = Release|Any CPU
		{1EB2684D-8377-4B1E-92E4-A139D173FD9D}.Release|x86.ActiveCfg = Release|x86
		{1EB2684D-8377-4B1E-92E4-A139D173FD9D}.Release|x86.Build.0 = Release|x86
		{FD421A60-C0C5-41F7-831D-8E2E752C879B}.Debug|Any CPU.ActiveCfg = Debug|Any CPU
		{FD421A60-C0C5-41F7-831D-8E2E752C879B}.Debug|Any CPU.Build.0 = Debug|Any CPU
		{FD421A60-C0C5-41F7-831D-8E2E752C879B}.Debug|x86.ActiveCfg = Debug|x86
		{FD421A60-C0C5-41F7-831D-8E2E752C879B}.Debug|x86.Build.0 = Debug|x86
		{FD421A60-C0C5-41F7-831D-8E2E752C879B}.Release|Any CPU.ActiveCfg = Release|Any CPU
		{FD421A60-C0C5-41F7-831D-8E2E752C879B}.Release|Any CPU.Build.0 = Release|Any CPU
		{FD421A60-C0C5-41F7-831D-8E2E752C879B}.Release|x86.ActiveCfg = Release|x86
		{FD421A60-C0C5-41F7-831D-8E2E752C879B}.Release|x86.Build.0 = Release|x86
		{1F35F4E0-3CB3-465C-96D5-ADF64C11CA6D}.Debug|Any CPU.ActiveCfg = Debug|Any CPU
		{1F35F4E0-3CB3-465C-96D5-ADF64C11CA6D}.Debug|Any CPU.Build.0 = Debug|Any CPU
		{1F35F4E0-3CB3-465C-96D5-ADF64C11CA6D}.Debug|x86.ActiveCfg = Debug|x86
		{1F35F4E0-3CB3-465C-96D5-ADF64C11CA6D}.Debug|x86.Build.0 = Debug|x86
		{1F35F4E0-3CB3-465C-96D5-ADF64C11CA6D}.Release|Any CPU.ActiveCfg = Release|Any CPU
		{1F35F4E0-3CB3-465C-96D5-ADF64C11CA6D}.Release|Any CPU.Build.0 = Release|Any CPU
		{1F35F4E0-3CB3-465C-96D5-ADF64C11CA6D}.Release|x86.ActiveCfg = Release|x86
		{1F35F4E0-3CB3-465C-96D5-ADF64C11CA6D}.Release|x86.Build.0 = Release|x86
		{23193CAE-26BB-44AD-8D3B-47B167A8C58B}.Debug|Any CPU.ActiveCfg = Debug|Any CPU
		{23193CAE-26BB-44AD-8D3B-47B167A8C58B}.Debug|Any CPU.Build.0 = Debug|Any CPU
		{23193CAE-26BB-44AD-8D3B-47B167A8C58B}.Debug|x86.ActiveCfg = Debug|x86
		{23193CAE-26BB-44AD-8D3B-47B167A8C58B}.Debug|x86.Build.0 = Debug|x86
		{23193CAE-26BB-44AD-8D3B-47B167A8C58B}.Release|Any CPU.ActiveCfg = Release|Any CPU
		{23193CAE-26BB-44AD-8D3B-47B167A8C58B}.Release|Any CPU.Build.0 = Release|Any CPU
		{23193CAE-26BB-44AD-8D3B-47B167A8C58B}.Release|x86.ActiveCfg = Release|x86
		{23193CAE-26BB-44AD-8D3B-47B167A8C58B}.Release|x86.Build.0 = Release|x86
		{FB0414CF-A9AE-45E1-A809-978F4A2EAB32}.Debug|Any CPU.ActiveCfg = Debug|Any CPU
		{FB0414CF-A9AE-45E1-A809-978F4A2EAB32}.Debug|Any CPU.Build.0 = Debug|Any CPU
		{FB0414CF-A9AE-45E1-A809-978F4A2EAB32}.Debug|x86.ActiveCfg = Debug|x86
		{FB0414CF-A9AE-45E1-A809-978F4A2EAB32}.Debug|x86.Build.0 = Debug|x86
		{FB0414CF-A9AE-45E1-A809-978F4A2EAB32}.Release|Any CPU.ActiveCfg = Release|Any CPU
		{FB0414CF-A9AE-45E1-A809-978F4A2EAB32}.Release|Any CPU.Build.0 = Release|Any CPU
		{FB0414CF-A9AE-45E1-A809-978F4A2EAB32}.Release|x86.ActiveCfg = Release|x86
		{FB0414CF-A9AE-45E1-A809-978F4A2EAB32}.Release|x86.Build.0 = Release|x86
		{4C759AFF-BF4A-4E12-AF3D-ED9B0ADB814B}.Debug|Any CPU.ActiveCfg = Debug|Any CPU
		{4C759AFF-BF4A-4E12-AF3D-ED9B0ADB814B}.Debug|Any CPU.Build.0 = Debug|Any CPU
		{4C759AFF-BF4A-4E12-AF3D-ED9B0ADB814B}.Debug|x86.ActiveCfg = Debug|x86
		{4C759AFF-BF4A-4E12-AF3D-ED9B0ADB814B}.Debug|x86.Build.0 = Debug|x86
		{4C759AFF-BF4A-4E12-AF3D-ED9B0ADB814B}.Release|Any CPU.ActiveCfg = Release|Any CPU
		{4C759AFF-BF4A-4E12-AF3D-ED9B0ADB814B}.Release|Any CPU.Build.0 = Release|Any CPU
		{4C759AFF-BF4A-4E12-AF3D-ED9B0ADB814B}.Release|x86.ActiveCfg = Release|x86
		{4C759AFF-BF4A-4E12-AF3D-ED9B0ADB814B}.Release|x86.Build.0 = Release|x86
		{75EF74AA-9D1D-428B-82EA-C0C4343E7DC9}.Debug|Any CPU.ActiveCfg = Debug|Any CPU
		{75EF74AA-9D1D-428B-82EA-C0C4343E7DC9}.Debug|Any CPU.Build.0 = Debug|Any CPU
		{75EF74AA-9D1D-428B-82EA-C0C4343E7DC9}.Debug|x86.ActiveCfg = Debug|x86
		{75EF74AA-9D1D-428B-82EA-C0C4343E7DC9}.Debug|x86.Build.0 = Debug|x86
		{75EF74AA-9D1D-428B-82EA-C0C4343E7DC9}.Release|Any CPU.ActiveCfg = Release|Any CPU
		{75EF74AA-9D1D-428B-82EA-C0C4343E7DC9}.Release|Any CPU.Build.0 = Release|Any CPU
		{75EF74AA-9D1D-428B-82EA-C0C4343E7DC9}.Release|x86.ActiveCfg = Release|x86
		{75EF74AA-9D1D-428B-82EA-C0C4343E7DC9}.Release|x86.Build.0 = Release|x86
		{52FF25E3-6368-40B6-B7C6-0967122F1442}.Debug|Any CPU.ActiveCfg = Debug|Any CPU
		{52FF25E3-6368-40B6-B7C6-0967122F1442}.Debug|Any CPU.Build.0 = Debug|Any CPU
		{52FF25E3-6368-40B6-B7C6-0967122F1442}.Debug|x86.ActiveCfg = Debug|x86
		{52FF25E3-6368-40B6-B7C6-0967122F1442}.Debug|x86.Build.0 = Debug|x86
		{52FF25E3-6368-40B6-B7C6-0967122F1442}.Release|Any CPU.ActiveCfg = Release|Any CPU
		{52FF25E3-6368-40B6-B7C6-0967122F1442}.Release|Any CPU.Build.0 = Release|Any CPU
		{52FF25E3-6368-40B6-B7C6-0967122F1442}.Release|x86.ActiveCfg = Release|x86
		{52FF25E3-6368-40B6-B7C6-0967122F1442}.Release|x86.Build.0 = Release|x86
		{5FAC9F4D-9D43-46AA-AF64-455E89E74C9F}.Debug|Any CPU.ActiveCfg = Debug|Any CPU
		{5FAC9F4D-9D43-46AA-AF64-455E89E74C9F}.Debug|Any CPU.Build.0 = Debug|Any CPU
		{5FAC9F4D-9D43-46AA-AF64-455E89E74C9F}.Debug|x86.ActiveCfg = Debug|x86
		{5FAC9F4D-9D43-46AA-AF64-455E89E74C9F}.Debug|x86.Build.0 = Debug|x86
		{5FAC9F4D-9D43-46AA-AF64-455E89E74C9F}.Release|Any CPU.ActiveCfg = Release|Any CPU
		{5FAC9F4D-9D43-46AA-AF64-455E89E74C9F}.Release|Any CPU.Build.0 = Release|Any CPU
		{5FAC9F4D-9D43-46AA-AF64-455E89E74C9F}.Release|x86.ActiveCfg = Release|x86
		{5FAC9F4D-9D43-46AA-AF64-455E89E74C9F}.Release|x86.Build.0 = Release|x86
		{6915A6A6-DD01-421C-A3D4-F37DF6CCE52D}.Debug|Any CPU.ActiveCfg = Debug|Any CPU
		{6915A6A6-DD01-421C-A3D4-F37DF6CCE52D}.Debug|Any CPU.Build.0 = Debug|Any CPU
		{6915A6A6-DD01-421C-A3D4-F37DF6CCE52D}.Debug|x86.ActiveCfg = Debug|x86
		{6915A6A6-DD01-421C-A3D4-F37DF6CCE52D}.Debug|x86.Build.0 = Debug|x86
		{6915A6A6-DD01-421C-A3D4-F37DF6CCE52D}.Release|Any CPU.ActiveCfg = Release|Any CPU
		{6915A6A6-DD01-421C-A3D4-F37DF6CCE52D}.Release|Any CPU.Build.0 = Release|Any CPU
		{6915A6A6-DD01-421C-A3D4-F37DF6CCE52D}.Release|x86.ActiveCfg = Release|x86
		{6915A6A6-DD01-421C-A3D4-F37DF6CCE52D}.Release|x86.Build.0 = Release|x86
		{2FE47A66-2AE6-4159-BBCC-86C6FE869C1A}.Debug|Any CPU.ActiveCfg = Debug|Any CPU
		{2FE47A66-2AE6-4159-BBCC-86C6FE869C1A}.Debug|Any CPU.Build.0 = Debug|Any CPU
		{2FE47A66-2AE6-4159-BBCC-86C6FE869C1A}.Debug|x86.ActiveCfg = Debug|x86
		{2FE47A66-2AE6-4159-BBCC-86C6FE869C1A}.Debug|x86.Build.0 = Debug|x86
		{2FE47A66-2AE6-4159-BBCC-86C6FE869C1A}.Release|Any CPU.ActiveCfg = Release|Any CPU
		{2FE47A66-2AE6-4159-BBCC-86C6FE869C1A}.Release|Any CPU.Build.0 = Release|Any CPU
		{2FE47A66-2AE6-4159-BBCC-86C6FE869C1A}.Release|x86.ActiveCfg = Release|x86
		{2FE47A66-2AE6-4159-BBCC-86C6FE869C1A}.Release|x86.Build.0 = Release|x86
		{435E4B47-1A36-4FAD-8431-7AFF6A10C527}.Debug|Any CPU.ActiveCfg = Debug|Any CPU
		{435E4B47-1A36-4FAD-8431-7AFF6A10C527}.Debug|Any CPU.Build.0 = Debug|Any CPU
		{435E4B47-1A36-4FAD-8431-7AFF6A10C527}.Debug|x86.ActiveCfg = Debug|x86
		{435E4B47-1A36-4FAD-8431-7AFF6A10C527}.Debug|x86.Build.0 = Debug|x86
		{435E4B47-1A36-4FAD-8431-7AFF6A10C527}.Release|Any CPU.ActiveCfg = Release|Any CPU
		{435E4B47-1A36-4FAD-8431-7AFF6A10C527}.Release|Any CPU.Build.0 = Release|Any CPU
		{435E4B47-1A36-4FAD-8431-7AFF6A10C527}.Release|x86.ActiveCfg = Release|x86
		{435E4B47-1A36-4FAD-8431-7AFF6A10C527}.Release|x86.Build.0 = Release|x86
		{80126E2A-D622-499E-B0BB-FF77E65E8F20}.Debug|Any CPU.ActiveCfg = Debug|Any CPU
		{80126E2A-D622-499E-B0BB-FF77E65E8F20}.Debug|Any CPU.Build.0 = Debug|Any CPU
		{80126E2A-D622-499E-B0BB-FF77E65E8F20}.Debug|x86.ActiveCfg = Debug|x86
		{80126E2A-D622-499E-B0BB-FF77E65E8F20}.Debug|x86.Build.0 = Debug|x86
		{80126E2A-D622-499E-B0BB-FF77E65E8F20}.Release|Any CPU.ActiveCfg = Release|Any CPU
		{80126E2A-D622-499E-B0BB-FF77E65E8F20}.Release|Any CPU.Build.0 = Release|Any CPU
		{80126E2A-D622-499E-B0BB-FF77E65E8F20}.Release|x86.ActiveCfg = Release|x86
		{80126E2A-D622-499E-B0BB-FF77E65E8F20}.Release|x86.Build.0 = Release|x86
		{79BB0190-AF17-4944-B112-F7E19ED867B8}.Debug|Any CPU.ActiveCfg = Debug|Any CPU
		{79BB0190-AF17-4944-B112-F7E19ED867B8}.Debug|Any CPU.Build.0 = Debug|Any CPU
		{79BB0190-AF17-4944-B112-F7E19ED867B8}.Debug|x86.ActiveCfg = Debug|x86
		{79BB0190-AF17-4944-B112-F7E19ED867B8}.Debug|x86.Build.0 = Debug|x86
		{79BB0190-AF17-4944-B112-F7E19ED867B8}.Release|Any CPU.ActiveCfg = Release|Any CPU
		{79BB0190-AF17-4944-B112-F7E19ED867B8}.Release|Any CPU.Build.0 = Release|Any CPU
		{79BB0190-AF17-4944-B112-F7E19ED867B8}.Release|x86.ActiveCfg = Release|x86
		{79BB0190-AF17-4944-B112-F7E19ED867B8}.Release|x86.Build.0 = Release|x86
		{53084C5B-5498-4124-9231-4D2179540845}.Debug|Any CPU.ActiveCfg = Debug|Any CPU
		{53084C5B-5498-4124-9231-4D2179540845}.Debug|Any CPU.Build.0 = Debug|Any CPU
		{53084C5B-5498-4124-9231-4D2179540845}.Debug|x86.ActiveCfg = Debug|x86
		{53084C5B-5498-4124-9231-4D2179540845}.Debug|x86.Build.0 = Debug|x86
		{53084C5B-5498-4124-9231-4D2179540845}.Release|Any CPU.ActiveCfg = Release|Any CPU
		{53084C5B-5498-4124-9231-4D2179540845}.Release|Any CPU.Build.0 = Release|Any CPU
		{53084C5B-5498-4124-9231-4D2179540845}.Release|x86.ActiveCfg = Release|x86
		{53084C5B-5498-4124-9231-4D2179540845}.Release|x86.Build.0 = Release|x86
		{A5B1C625-CE10-4B8B-A41D-AC53F69EBF6C}.Debug|Any CPU.ActiveCfg = Debug|Any CPU
		{A5B1C625-CE10-4B8B-A41D-AC53F69EBF6C}.Debug|Any CPU.Build.0 = Debug|Any CPU
		{A5B1C625-CE10-4B8B-A41D-AC53F69EBF6C}.Debug|x86.ActiveCfg = Debug|x86
		{A5B1C625-CE10-4B8B-A41D-AC53F69EBF6C}.Debug|x86.Build.0 = Debug|x86
		{A5B1C625-CE10-4B8B-A41D-AC53F69EBF6C}.Release|Any CPU.ActiveCfg = Release|Any CPU
		{A5B1C625-CE10-4B8B-A41D-AC53F69EBF6C}.Release|Any CPU.Build.0 = Release|Any CPU
		{A5B1C625-CE10-4B8B-A41D-AC53F69EBF6C}.Release|x86.ActiveCfg = Release|x86
		{A5B1C625-CE10-4B8B-A41D-AC53F69EBF6C}.Release|x86.Build.0 = Release|x86
		{2AEF72AE-552F-4A3D-98A8-79E5C6A5C6F0}.Debug|Any CPU.ActiveCfg = Debug|Any CPU
		{2AEF72AE-552F-4A3D-98A8-79E5C6A5C6F0}.Debug|Any CPU.Build.0 = Debug|Any CPU
		{2AEF72AE-552F-4A3D-98A8-79E5C6A5C6F0}.Debug|x86.ActiveCfg = Debug|x86
		{2AEF72AE-552F-4A3D-98A8-79E5C6A5C6F0}.Debug|x86.Build.0 = Debug|x86
		{2AEF72AE-552F-4A3D-98A8-79E5C6A5C6F0}.Release|Any CPU.ActiveCfg = Release|Any CPU
		{2AEF72AE-552F-4A3D-98A8-79E5C6A5C6F0}.Release|Any CPU.Build.0 = Release|Any CPU
		{2AEF72AE-552F-4A3D-98A8-79E5C6A5C6F0}.Release|x86.ActiveCfg = Release|x86
		{2AEF72AE-552F-4A3D-98A8-79E5C6A5C6F0}.Release|x86.Build.0 = Release|x86
		{14A21316-E8B8-405B-903C-12873604B048}.Debug|Any CPU.ActiveCfg = Debug|Any CPU
		{14A21316-E8B8-405B-903C-12873604B048}.Debug|Any CPU.Build.0 = Debug|Any CPU
		{14A21316-E8B8-405B-903C-12873604B048}.Debug|x86.ActiveCfg = Debug|x86
		{14A21316-E8B8-405B-903C-12873604B048}.Debug|x86.Build.0 = Debug|x86
		{14A21316-E8B8-405B-903C-12873604B048}.Release|Any CPU.ActiveCfg = Release|Any CPU
		{14A21316-E8B8-405B-903C-12873604B048}.Release|Any CPU.Build.0 = Release|Any CPU
		{14A21316-E8B8-405B-903C-12873604B048}.Release|x86.ActiveCfg = Release|Any CPU
		{14A21316-E8B8-405B-903C-12873604B048}.Release|x86.Build.0 = Release|Any CPU
		{3BBFAC40-F88F-47DC-A852-13C9F1F9BE62}.Debug|Any CPU.ActiveCfg = Debug|Any CPU
		{3BBFAC40-F88F-47DC-A852-13C9F1F9BE62}.Debug|Any CPU.Build.0 = Debug|Any CPU
		{3BBFAC40-F88F-47DC-A852-13C9F1F9BE62}.Debug|x86.ActiveCfg = Debug|x86
		{3BBFAC40-F88F-47DC-A852-13C9F1F9BE62}.Debug|x86.Build.0 = Debug|x86
		{3BBFAC40-F88F-47DC-A852-13C9F1F9BE62}.Release|Any CPU.ActiveCfg = Release|Any CPU
		{3BBFAC40-F88F-47DC-A852-13C9F1F9BE62}.Release|Any CPU.Build.0 = Release|Any CPU
		{3BBFAC40-F88F-47DC-A852-13C9F1F9BE62}.Release|x86.ActiveCfg = Release|Any CPU
		{3BBFAC40-F88F-47DC-A852-13C9F1F9BE62}.Release|x86.Build.0 = Release|Any CPU
		{6055A4D2-AE7D-4D4F-B0C6-F17C53AF78B8}.Debug|Any CPU.ActiveCfg = Debug|Any CPU
		{6055A4D2-AE7D-4D4F-B0C6-F17C53AF78B8}.Debug|Any CPU.Build.0 = Debug|Any CPU
		{6055A4D2-AE7D-4D4F-B0C6-F17C53AF78B8}.Debug|x86.ActiveCfg = Debug|x86
		{6055A4D2-AE7D-4D4F-B0C6-F17C53AF78B8}.Debug|x86.Build.0 = Debug|x86
		{6055A4D2-AE7D-4D4F-B0C6-F17C53AF78B8}.Release|Any CPU.ActiveCfg = Release|Any CPU
		{6055A4D2-AE7D-4D4F-B0C6-F17C53AF78B8}.Release|Any CPU.Build.0 = Release|Any CPU
		{6055A4D2-AE7D-4D4F-B0C6-F17C53AF78B8}.Release|x86.ActiveCfg = Release|Any CPU
		{6055A4D2-AE7D-4D4F-B0C6-F17C53AF78B8}.Release|x86.Build.0 = Release|Any CPU
		{3AFF0934-47F1-4B71-A0D8-54B95D34A649}.Debug|Any CPU.ActiveCfg = Debug|Any CPU
		{3AFF0934-47F1-4B71-A0D8-54B95D34A649}.Debug|Any CPU.Build.0 = Debug|Any CPU
		{3AFF0934-47F1-4B71-A0D8-54B95D34A649}.Debug|x86.ActiveCfg = Debug|Any CPU
		{3AFF0934-47F1-4B71-A0D8-54B95D34A649}.Debug|x86.Build.0 = Debug|Any CPU
		{3AFF0934-47F1-4B71-A0D8-54B95D34A649}.Release|Any CPU.ActiveCfg = Release|Any CPU
		{3AFF0934-47F1-4B71-A0D8-54B95D34A649}.Release|Any CPU.Build.0 = Release|Any CPU
		{3AFF0934-47F1-4B71-A0D8-54B95D34A649}.Release|x86.ActiveCfg = Release|Any CPU
		{3AFF0934-47F1-4B71-A0D8-54B95D34A649}.Release|x86.Build.0 = Release|Any CPU
	EndGlobalSection
	GlobalSection(SolutionProperties) = preSolution
		HideSolutionNode = FALSE
	EndGlobalSection
	GlobalSection(NestedProjects) = preSolution
		{E4130506-97AB-4226-9323-B9DB94629BDC} = {1F2AB0D8-0B5E-4D41-8A69-3AE3EEDC48B4}
		{44BE20ED-A618-469B-A9BF-C28393FA4A74} = {1F2AB0D8-0B5E-4D41-8A69-3AE3EEDC48B4}
		{6D91B83A-FB66-422E-BFFD-224630557A61} = {1F2AB0D8-0B5E-4D41-8A69-3AE3EEDC48B4}
		{4021BED6-DF4D-47A9-8F69-C7FFDF7A7604} = {1F2AB0D8-0B5E-4D41-8A69-3AE3EEDC48B4}
		{004767BA-3564-4224-8B0C-0EC2487B9DD8} = {1F2AB0D8-0B5E-4D41-8A69-3AE3EEDC48B4}
		{08A3E529-0AF3-44AC-8668-230AF48B0FA3} = {1F2AB0D8-0B5E-4D41-8A69-3AE3EEDC48B4}
		{D4C508EF-9614-4C75-87D3-DA6A8CD9A6AE} = {1F2AB0D8-0B5E-4D41-8A69-3AE3EEDC48B4}
		{4BAF70E9-3748-42E7-A6B3-5425DADC0188} = {1F2AB0D8-0B5E-4D41-8A69-3AE3EEDC48B4}
		{6616966D-E4DB-4A44-9645-DD6C35CDF061} = {1F2AB0D8-0B5E-4D41-8A69-3AE3EEDC48B4}
		{5CA97097-8A1B-42C4-B4F3-BF899B6EAC22} = {9B7CB47E-F9BB-4106-853E-606EC8B44099}
		{02C13C4F-A377-478D-AC97-B6DE1B8B2C6D} = {9B7CB47E-F9BB-4106-853E-606EC8B44099}
		{1A3BD1BE-F871-4ABA-96AF-4C2343D65278} = {9B7CB47E-F9BB-4106-853E-606EC8B44099}
		{1DEE0F6A-9402-40E1-AC4B-4904989BA28D} = {1F2AB0D8-0B5E-4D41-8A69-3AE3EEDC48B4}
		{ACF4BAF2-9F16-42F0-B276-D8B4DFAF61D4} = {4CBED063-0417-4A06-BD30-271722110C34}
		{3EFED7F3-6A9E-4153-B6CC-ED3143F971DE} = {4CBED063-0417-4A06-BD30-271722110C34}
		{265FD2AD-1A1E-42BA-B4F6-81AC0D364DAF} = {4CBED063-0417-4A06-BD30-271722110C34}
		{B9437661-F8FE-42E1-A771-63A63B294864} = {1F2AB0D8-0B5E-4D41-8A69-3AE3EEDC48B4}
		{C61221C6-BC82-4E75-A950-5F75F857CC42} = {4CBED063-0417-4A06-BD30-271722110C34}
		{BA3E5D1C-2B6A-47D7-9D84-B4E7922A3DF9} = {4CBED063-0417-4A06-BD30-271722110C34}
		{64C37375-47A5-4FE3-BF30-1CAA2DC004E6} = {4CBED063-0417-4A06-BD30-271722110C34}
		{0CAA4A75-1AAB-4B37-A610-626B45E150F8} = {4CBED063-0417-4A06-BD30-271722110C34}
		{A32333D8-2A30-4939-8A05-360808FE2395} = {4CBED063-0417-4A06-BD30-271722110C34}
		{181C60BC-BAF2-407A-83C7-89131F5336F4} = {324EDD1B-92FA-4ED8-8300-3197978D82DC}
		{E9DFF0FE-D8EB-4CC2-BC04-0EE2B5F4990F} = {2EE15986-9892-48BB-BEDA-09A5C6ADD464}
		{1EBBEDEB-0EA6-470C-B37D-26B72A1E713D} = {324EDD1B-92FA-4ED8-8300-3197978D82DC}
		{C1635653-6AAD-4EAA-A5A0-60D84A533D63} = {324EDD1B-92FA-4ED8-8300-3197978D82DC}
		{1EB2684D-8377-4B1E-92E4-A139D173FD9D} = {324EDD1B-92FA-4ED8-8300-3197978D82DC}
		{FD421A60-C0C5-41F7-831D-8E2E752C879B} = {324EDD1B-92FA-4ED8-8300-3197978D82DC}
		{1F35F4E0-3CB3-465C-96D5-ADF64C11CA6D} = {324EDD1B-92FA-4ED8-8300-3197978D82DC}
		{23193CAE-26BB-44AD-8D3B-47B167A8C58B} = {324EDD1B-92FA-4ED8-8300-3197978D82DC}
		{FB0414CF-A9AE-45E1-A809-978F4A2EAB32} = {2EE15986-9892-48BB-BEDA-09A5C6ADD464}
		{4C759AFF-BF4A-4E12-AF3D-ED9B0ADB814B} = {2EE15986-9892-48BB-BEDA-09A5C6ADD464}
		{75EF74AA-9D1D-428B-82EA-C0C4343E7DC9} = {324EDD1B-92FA-4ED8-8300-3197978D82DC}
		{52FF25E3-6368-40B6-B7C6-0967122F1442} = {2EE15986-9892-48BB-BEDA-09A5C6ADD464}
		{5FAC9F4D-9D43-46AA-AF64-455E89E74C9F} = {2EE15986-9892-48BB-BEDA-09A5C6ADD464}
		{6915A6A6-DD01-421C-A3D4-F37DF6CCE52D} = {2EE15986-9892-48BB-BEDA-09A5C6ADD464}
		{2FE47A66-2AE6-4159-BBCC-86C6FE869C1A} = {2EE15986-9892-48BB-BEDA-09A5C6ADD464}
		{435E4B47-1A36-4FAD-8431-7AFF6A10C527} = {2EE15986-9892-48BB-BEDA-09A5C6ADD464}
		{80126E2A-D622-499E-B0BB-FF77E65E8F20} = {324EDD1B-92FA-4ED8-8300-3197978D82DC}
		{79BB0190-AF17-4944-B112-F7E19ED867B8} = {324EDD1B-92FA-4ED8-8300-3197978D82DC}
		{53084C5B-5498-4124-9231-4D2179540845} = {2EE15986-9892-48BB-BEDA-09A5C6ADD464}
		{2AEF72AE-552F-4A3D-98A8-79E5C6A5C6F0} = {4CBED063-0417-4A06-BD30-271722110C34}
		{14A21316-E8B8-405B-903C-12873604B048} = {2EE15986-9892-48BB-BEDA-09A5C6ADD464}
		{3BBFAC40-F88F-47DC-A852-13C9F1F9BE62} = {2EE15986-9892-48BB-BEDA-09A5C6ADD464}
	EndGlobalSection
EndGlobal
