Microsoft Visual Studio Solution File, Format Version 12.00
# Visual Studio 14
VisualStudioVersion = 14.0.25420.1
MinimumVisualStudioVersion = 10.0.40219.1
Project("{FAE04EC0-301F-11D3-BF4B-00C04F79EFBC}") = "Metalogix.SharePoint.UI.WinForms", "Metalogix.SharePoint.UI.WinForms.csproj", "{FD421A60-C0C5-41F7-831D-8E2E752C879B}"
EndProject
Global
	GlobalSection(SolutionConfigurationPlatforms) = preSolution
		Debug|Any CPU = Debug|Any CPU
		Release|Any CPU = Release|Any CPU
	EndGlobalSection
	GlobalSection(ProjectConfigurationPlatforms) = postSolution
		{FD421A60-C0C5-41F7-831D-8E2E752C879B}.Debug|Any CPU.ActiveCfg = Debug|Any CPU
		{FD421A60-C0C5-41F7-831D-8E2E752C879B}.Debug|Any CPU.Build.0 = Debug|Any CPU
		{FD421A60-C0C5-41F7-831D-8E2E752C879B}.Release|Any CPU.ActiveCfg = Release|Any CPU
		{FD421A60-C0C5-41F7-831D-8E2E752C879B}.Release|Any CPU.Build.0 = Release|Any CPU
	EndGlobalSection
	GlobalSection(SolutionProperties) = preSolution
		HideSolutionNode = FALSE
	EndGlobalSection
EndGlobal
